
Microsoft Visual Studio Solution File, Format Version 12.00
# Visual Studio Version 17
VisualStudioVersion = 17.9.34728.123
MinimumVisualStudioVersion = 10.0.40219.1
Project("{9A19103F-16F7-4668-BE54-9A1E7A4F7556}") = "Code2.Tools.Csv.Repos", "Code2.Tools.Csv.Repos\Code2.Tools.Csv.Repos.csproj", "{ED137220-9270-4223-868E-7E4B1A3B0141}"
EndProject
Project("{FAE04EC0-301F-11D3-BF4B-00C04F79EFBC}") = "Code2.Tools.Csv.ReposTests", "Code2.Tools.Csv.ReposTests\Code2.Tools.Csv.ReposTests.csproj", "{838BF88E-5FF9-41CE-B6FC-7DADB6012EAB}"
EndProject
Global
	GlobalSection(SolutionConfigurationPlatforms) = preSolution
		Debug|Any CPU = Debug|Any CPU
		Release|Any CPU = Release|Any CPU
	EndGlobalSection
	GlobalSection(ProjectConfigurationPlatforms) = postSolution
		{ED137220-9270-4223-868E-7E4B1A3B0141}.Debug|Any CPU.ActiveCfg = Debug|Any CPU
		{ED137220-9270-4223-868E-7E4B1A3B0141}.Debug|Any CPU.Build.0 = Debug|Any CPU
		{ED137220-9270-4223-868E-7E4B1A3B0141}.Release|Any CPU.ActiveCfg = Release|Any CPU
		{ED137220-9270-4223-868E-7E4B1A3B0141}.Release|Any CPU.Build.0 = Release|Any CPU
		{838BF88E-5FF9-41CE-B6FC-7DADB6012EAB}.Debug|Any CPU.ActiveCfg = Debug|Any CPU
		{838BF88E-5FF9-41CE-B6FC-7DADB6012EAB}.Debug|Any CPU.Build.0 = Debug|Any CPU
		{838BF88E-5FF9-41CE-B6FC-7DADB6012EAB}.Release|Any CPU.ActiveCfg = Release|Any CPU
		{838BF88E-5FF9-41CE-B6FC-7DADB6012EAB}.Release|Any CPU.Build.0 = Release|Any CPU
	EndGlobalSection
	GlobalSection(SolutionProperties) = preSolution
		HideSolutionNode = FALSE
	EndGlobalSection
	GlobalSection(ExtensibilityGlobals) = postSolution
		SolutionGuid = {89BB87A2-57B6-4208-8ECC-0CC2D95F5A9B}
	EndGlobalSection
EndGlobal
